
Microsoft Visual Studio Solution File, Format Version 12.00
# Visual Studio Version 17
VisualStudioVersion = 17.0.31611.283
MinimumVisualStudioVersion = 10.0.40219.1
Project("{9A19103F-16F7-4668-BE54-9A1E7A4F7556}") = "EstateApp", "EstateApp\EstateApp.csproj", "{84D75BD3-B17F-4C00-B1FF-BF7EF3D3F73A}"
EndProject
Project("{9A19103F-16F7-4668-BE54-9A1E7A4F7556}") = "EstateWebApi", "EstateWebApi\EstateWebApi.csproj", "{02BBAD13-572C-4288-95DC-ADF03ABA3E9C}"
EndProject
Project("{FAE04EC0-301F-11D3-BF4B-00C04F79EFBC}") = "EstateV1App", "EstateV1App\EstateV1App.csproj", "{C9DBC8BF-AC56-4C6B-A006-0B4B0BE31780}"
EndProject
Global
	GlobalSection(SolutionConfigurationPlatforms) = preSolution
		Debug|Any CPU = Debug|Any CPU
		Release|Any CPU = Release|Any CPU
	EndGlobalSection
	GlobalSection(ProjectConfigurationPlatforms) = postSolution
		{84D75BD3-B17F-4C00-B1FF-BF7EF3D3F73A}.Debug|Any CPU.ActiveCfg = Debug|Any CPU
		{84D75BD3-B17F-4C00-B1FF-BF7EF3D3F73A}.Debug|Any CPU.Build.0 = Debug|Any CPU
		{84D75BD3-B17F-4C00-B1FF-BF7EF3D3F73A}.Debug|Any CPU.Deploy.0 = Debug|Any CPU
		{84D75BD3-B17F-4C00-B1FF-BF7EF3D3F73A}.Release|Any CPU.ActiveCfg = Release|Any CPU
		{84D75BD3-B17F-4C00-B1FF-BF7EF3D3F73A}.Release|Any CPU.Build.0 = Release|Any CPU
		{84D75BD3-B17F-4C00-B1FF-BF7EF3D3F73A}.Release|Any CPU.Deploy.0 = Release|Any CPU
		{02BBAD13-572C-4288-95DC-ADF03ABA3E9C}.Debug|Any CPU.ActiveCfg = Debug|Any CPU
		{02BBAD13-572C-4288-95DC-ADF03ABA3E9C}.Debug|Any CPU.Build.0 = Debug|Any CPU
		{02BBAD13-572C-4288-95DC-ADF03ABA3E9C}.Release|Any CPU.ActiveCfg = Release|Any CPU
		{02BBAD13-572C-4288-95DC-ADF03ABA3E9C}.Release|Any CPU.Build.0 = Release|Any CPU
		{C9DBC8BF-AC56-4C6B-A006-0B4B0BE31780}.Debug|Any CPU.ActiveCfg = Debug|Any CPU
		{C9DBC8BF-AC56-4C6B-A006-0B4B0BE31780}.Debug|Any CPU.Build.0 = Debug|Any CPU
		{C9DBC8BF-AC56-4C6B-A006-0B4B0BE31780}.Debug|Any CPU.Deploy.0 = Debug|Any CPU
		{C9DBC8BF-AC56-4C6B-A006-0B4B0BE31780}.Release|Any CPU.ActiveCfg = Release|Any CPU
		{C9DBC8BF-AC56-4C6B-A006-0B4B0BE31780}.Release|Any CPU.Build.0 = Release|Any CPU
		{C9DBC8BF-AC56-4C6B-A006-0B4B0BE31780}.Release|Any CPU.Deploy.0 = Release|Any CPU
	EndGlobalSection
	GlobalSection(SolutionProperties) = preSolution
		HideSolutionNode = FALSE
	EndGlobalSection
	GlobalSection(ExtensibilityGlobals) = postSolution
		SolutionGuid = {61F7FB11-1E47-470C-91E2-47F8143E1572}
	EndGlobalSection
EndGlobal
